
Microsoft Visual Studio Solution File, Format Version 12.00
# Visual Studio Version 16
VisualStudioVersion = 16.0.31729.503
MinimumVisualStudioVersion = 10.0.40219.1
Project("{FAE04EC0-301F-11D3-BF4B-00C04F79EFBC}") = "Lab9", "Lab9.csproj", "{F41FED09-4B38-4613-A472-B586A4BB5A99}"
EndProject
Global
	GlobalSection(SolutionConfigurationPlatforms) = preSolution
		Debug|Any CPU = Debug|Any CPU
		Release|Any CPU = Release|Any CPU
	EndGlobalSection
	GlobalSection(ProjectConfigurationPlatforms) = postSolution
		{F41FED09-4B38-4613-A472-B586A4BB5A99}.Debug|Any CPU.ActiveCfg = Debug|Any CPU
		{F41FED09-4B38-4613-A472-B586A4BB5A99}.Debug|Any CPU.Build.0 = Debug|Any CPU
		{F41FED09-4B38-4613-A472-B586A4BB5A99}.Release|Any CPU.ActiveCfg = Release|Any CPU
		{F41FED09-4B38-4613-A472-B586A4BB5A99}.Release|Any CPU.Build.0 = Release|Any CPU
	EndGlobalSection
	GlobalSection(SolutionProperties) = preSolution
		HideSolutionNode = FALSE
	EndGlobalSection
	GlobalSection(ExtensibilityGlobals) = postSolution
		SolutionGuid = {4B86D9F8-C13E-4115-8626-7466386D2AA2}
	EndGlobalSection
EndGlobal
