
Microsoft Visual Studio Solution File, Format Version 12.00
# Visual Studio Version 16
VisualStudioVersion = 16.0.31911.196
MinimumVisualStudioVersion = 10.0.40219.1
Project("{FAE04EC0-301F-11D3-BF4B-00C04F79EFBC}") = "Lab8", "Lab8.csproj", "{6406B280-2980-42D0-84A6-51FBDD187C67}"
EndProject
Global
	GlobalSection(SolutionConfigurationPlatforms) = preSolution
		Debug|Any CPU = Debug|Any CPU
		Release|Any CPU = Release|Any CPU
	EndGlobalSection
	GlobalSection(ProjectConfigurationPlatforms) = postSolution
		{6406B280-2980-42D0-84A6-51FBDD187C67}.Debug|Any CPU.ActiveCfg = Debug|Any CPU
		{6406B280-2980-42D0-84A6-51FBDD187C67}.Debug|Any CPU.Build.0 = Debug|Any CPU
		{6406B280-2980-42D0-84A6-51FBDD187C67}.Release|Any CPU.ActiveCfg = Release|Any CPU
		{6406B280-2980-42D0-84A6-51FBDD187C67}.Release|Any CPU.Build.0 = Release|Any CPU
	EndGlobalSection
	GlobalSection(SolutionProperties) = preSolution
		HideSolutionNode = FALSE
	EndGlobalSection
	GlobalSection(ExtensibilityGlobals) = postSolution
		SolutionGuid = {E695575C-019E-41DA-8B51-D4CE1C84496F}
	EndGlobalSection
EndGlobal
